
Microsoft Visual Studio Solution File, Format Version 12.00
# Visual Studio Version 17
VisualStudioVersion = 17.1.32421.90
MinimumVisualStudioVersion = 10.0.40219.1
Project("{FAE04EC0-301F-11D3-BF4B-00C04F79EFBC}") = "AlgorithmsCSharp", "AlgorithmsCSharp\AlgorithmsCSharp.csproj", "{3F9556A0-5582-4112-96E3-68369D433404}"
EndProject
Project("{8BC9CEB8-8B4A-11D0-8D11-00A0C91BC942}") = "AlgorithmsCpp", "AlgorithmsCpp\AlgorithmsCpp.vcxproj", "{200B5208-4E93-4F9D-8E02-FB8ACBFE851A}"
EndProject
Global
	GlobalSection(SolutionConfigurationPlatforms) = preSolution
		Debug|Any CPU = Debug|Any CPU
		Debug|x64 = Debug|x64
		Debug|x86 = Debug|x86
		Release|Any CPU = Release|Any CPU
		Release|x64 = Release|x64
		Release|x86 = Release|x86
	EndGlobalSection
	GlobalSection(ProjectConfigurationPlatforms) = postSolution
		{3F9556A0-5582-4112-96E3-68369D433404}.Debug|Any CPU.ActiveCfg = Debug|Any CPU
		{3F9556A0-5582-4112-96E3-68369D433404}.Debug|Any CPU.Build.0 = Debug|Any CPU
		{3F9556A0-5582-4112-96E3-68369D433404}.Debug|x64.ActiveCfg = Debug|Any CPU
		{3F9556A0-5582-4112-96E3-68369D433404}.Debug|x64.Build.0 = Debug|Any CPU
		{3F9556A0-5582-4112-96E3-68369D433404}.Debug|x86.ActiveCfg = Debug|Any CPU
		{3F9556A0-5582-4112-96E3-68369D433404}.Debug|x86.Build.0 = Debug|Any CPU
		{3F9556A0-5582-4112-96E3-68369D433404}.Release|Any CPU.ActiveCfg = Release|Any CPU
		{3F9556A0-5582-4112-96E3-68369D433404}.Release|Any CPU.Build.0 = Release|Any CPU
		{3F9556A0-5582-4112-96E3-68369D433404}.Release|x64.ActiveCfg = Release|Any CPU
		{3F9556A0-5582-4112-96E3-68369D433404}.Release|x64.Build.0 = Release|Any CPU
		{3F9556A0-5582-4112-96E3-68369D433404}.Release|x86.ActiveCfg = Release|Any CPU
		{3F9556A0-5582-4112-96E3-68369D433404}.Release|x86.Build.0 = Release|Any CPU
		{200B5208-4E93-4F9D-8E02-FB8ACBFE851A}.Debug|Any CPU.ActiveCfg = Debug|x64
		{200B5208-4E93-4F9D-8E02-FB8ACBFE851A}.Debug|Any CPU.Build.0 = Debug|x64
		{200B5208-4E93-4F9D-8E02-FB8ACBFE851A}.Debug|x64.ActiveCfg = Debug|x64
		{200B5208-4E93-4F9D-8E02-FB8ACBFE851A}.Debug|x64.Build.0 = Debug|x64
		{200B5208-4E93-4F9D-8E02-FB8ACBFE851A}.Debug|x86.ActiveCfg = Debug|Win32
		{200B5208-4E93-4F9D-8E02-FB8ACBFE851A}.Debug|x86.Build.0 = Debug|Win32
		{200B5208-4E93-4F9D-8E02-FB8ACBFE851A}.Release|Any CPU.ActiveCfg = Release|x64
		{200B5208-4E93-4F9D-8E02-FB8ACBFE851A}.Release|Any CPU.Build.0 = Release|x64
		{200B5208-4E93-4F9D-8E02-FB8ACBFE851A}.Release|x64.ActiveCfg = Release|x64
		{200B5208-4E93-4F9D-8E02-FB8ACBFE851A}.Release|x64.Build.0 = Release|x64
		{200B5208-4E93-4F9D-8E02-FB8ACBFE851A}.Release|x86.ActiveCfg = Release|Win32
		{200B5208-4E93-4F9D-8E02-FB8ACBFE851A}.Release|x86.Build.0 = Release|Win32
	EndGlobalSection
	GlobalSection(SolutionProperties) = preSolution
		HideSolutionNode = FALSE
	EndGlobalSection
	GlobalSection(ExtensibilityGlobals) = postSolution
		SolutionGuid = {EE358D9C-5719-4487-BDF3-C6EF67A073B5}
	EndGlobalSection
EndGlobal
